// !$*UTF8*$!
{
	archiveVersion = 1;
	classes = {
	};
	objectVersion = 55;
	objects = {

/* Begin PBXBuildFile section */
		49210A1628D73FCF001516B5 /* GrayscaleFilter.swift in Sources */ = {isa = PBXBuildFile; fileRef = 49210A1528D73FCF001516B5 /* GrayscaleFilter.swift */; };
		49210A1828D7513D001516B5 /* ChannelSwapFilter.swift in Sources */ = {isa = PBXBuildFile; fileRef = 49210A1728D7513D001516B5 /* ChannelSwapFilter.swift */; };
		49210A1A28D75297001516B5 /* BinarizationFilter.swift in Sources */ = {isa = PBXBuildFile; fileRef = 49210A1928D75297001516B5 /* BinarizationFilter.swift */; };
		49210A1C28D767C7001516B5 /* BackgroundSubtractionFilter.swift in Sources */ = {isa = PBXBuildFile; fileRef = 49210A1B28D767C7001516B5 /* BackgroundSubtractionFilter.swift */; };
		49C53BD728D5E5C600C2CD04 /* AppDelegate.swift in Sources */ = {isa = PBXBuildFile; fileRef = 49C53BD628D5E5C600C2CD04 /* AppDelegate.swift */; };
		49C53BD928D5E5C600C2CD04 /* SceneDelegate.swift in Sources */ = {isa = PBXBuildFile; fileRef = 49C53BD828D5E5C600C2CD04 /* SceneDelegate.swift */; };
		49C53BDB28D5E5C600C2CD04 /* ViewController.swift in Sources */ = {isa = PBXBuildFile; fileRef = 49C53BDA28D5E5C600C2CD04 /* ViewController.swift */; };
		49C53BDE28D5E5C600C2CD04 /* Main.storyboard in Resources */ = {isa = PBXBuildFile; fileRef = 49C53BDC28D5E5C600C2CD04 /* Main.storyboard */; };
		49C53BE028D5E5C700C2CD04 /* Assets.xcassets in Resources */ = {isa = PBXBuildFile; fileRef = 49C53BDF28D5E5C700C2CD04 /* Assets.xcassets */; };
		49C53BE328D5E5C700C2CD04 /* LaunchScreen.storyboard in Resources */ = {isa = PBXBuildFile; fileRef = 49C53BE128D5E5C700C2CD04 /* LaunchScreen.storyboard */; };
		49C53BEE28D5E67F00C2CD04 /* BinarizationViewController.swift in Sources */ = {isa = PBXBuildFile; fileRef = 49C53BEC28D5E67F00C2CD04 /* BinarizationViewController.swift */; };
		49C53BEF28D5E67F00C2CD04 /* BinarizationViewController.xib in Resources */ = {isa = PBXBuildFile; fileRef = 49C53BED28D5E67F00C2CD04 /* BinarizationViewController.xib */; };
		49C53BF128D5E6AA00C2CD04 /* PixelBuffer.swift in Sources */ = {isa = PBXBuildFile; fileRef = 49C53BF028D5E6AA00C2CD04 /* PixelBuffer.swift */; };
		49C53BF528D5E76900C2CD04 /* GrayscaleConversionViewController.swift in Sources */ = {isa = PBXBuildFile; fileRef = 49C53BF328D5E76900C2CD04 /* GrayscaleConversionViewController.swift */; };
		49C53BF628D5E76900C2CD04 /* GrayscaleConversionViewController.xib in Resources */ = {isa = PBXBuildFile; fileRef = 49C53BF428D5E76900C2CD04 /* GrayscaleConversionViewController.xib */; };
		49C53BFA28D5E7F000C2CD04 /* ChannelSwapViewController.swift in Sources */ = {isa = PBXBuildFile; fileRef = 49C53BF828D5E7F000C2CD04 /* ChannelSwapViewController.swift */; };
		49C53BFB28D5E7F000C2CD04 /* ChannelSwapViewController.xib in Resources */ = {isa = PBXBuildFile; fileRef = 49C53BF928D5E7F000C2CD04 /* ChannelSwapViewController.xib */; };
		49C53BFE28D5E8D400C2CD04 /* ComparisonConversionView.swift in Sources */ = {isa = PBXBuildFile; fileRef = 49C53BFD28D5E8D400C2CD04 /* ComparisonConversionView.swift */; };
		49C53C0028D5E8E500C2CD04 /* ComparisonConversionView.xib in Resources */ = {isa = PBXBuildFile; fileRef = 49C53BFF28D5E8E500C2CD04 /* ComparisonConversionView.xib */; };
		49C53C0328D5F6C700C2CD04 /* UIVIewController+Addition.swift in Sources */ = {isa = PBXBuildFile; fileRef = 49C53C0228D5F6C700C2CD04 /* UIVIewController+Addition.swift */; };
		49C53C0728D6040600C2CD04 /* BackgroundSubtractionViewController.swift in Sources */ = {isa = PBXBuildFile; fileRef = 49C53C0528D6040600C2CD04 /* BackgroundSubtractionViewController.swift */; };
		49C53C0828D6040600C2CD04 /* BackgroundSubtractionViewController.xib in Resources */ = {isa = PBXBuildFile; fileRef = 49C53C0628D6040600C2CD04 /* BackgroundSubtractionViewController.xib */; };
		49C53CAE28D731BF00C2CD04 /* Kernel.ci.metal in Sources */ = {isa = PBXBuildFile; fileRef = 49C53CAD28D731BF00C2CD04 /* Kernel.ci.metal */; };
/* End PBXBuildFile section */

/* Begin PBXBuildRule section */
		49C53CAB28D7310F00C2CD04 /* PBXBuildRule */ = {
			isa = PBXBuildRule;
			compilerSpec = com.apple.compilers.proxy.script;
			filePatterns = "*.ci.metal";
			fileType = pattern.proxy;
			inputFiles = (
			);
			isEditable = 1;
			outputFiles = (
				"$(DERIVED_FILE_DIR)/$(INPUT_FILE_BASE).air",
			);
			script = "xcrun metal -c $MTL_HEADER_SEARCH_PATHS -fcikernel \"${INPUT_FILE_PATH}\" -o \"${SCRIPT_OUTPUT_FILE_0}\"\n";
		};
		49C53CAC28D7311000C2CD04 /* PBXBuildRule */ = {
			isa = PBXBuildRule;
			compilerSpec = com.apple.compilers.proxy.script;
			filePatterns = "*.ci.air";
			fileType = pattern.proxy;
			inputFiles = (
			);
			isEditable = 1;
			outputFiles = (
				"$(METAL_LIBRARY_OUTPUT_DIR)/$(INPUT_FILE_BASE).metallib",
			);
			script = "xcrun metallib -cikernel \"${INPUT_FILE_PATH}\" -o \"${SCRIPT_OUTPUT_FILE_0}\"\n";
		};
/* End PBXBuildRule section */

/* Begin PBXFileReference section */
		49210A1528D73FCF001516B5 /* GrayscaleFilter.swift */ = {isa = PBXFileReference; lastKnownFileType = sourcecode.swift; path = GrayscaleFilter.swift; sourceTree = "<group>"; };
		49210A1728D7513D001516B5 /* ChannelSwapFilter.swift */ = {isa = PBXFileReference; lastKnownFileType = sourcecode.swift; path = ChannelSwapFilter.swift; sourceTree = "<group>"; };
		49210A1928D75297001516B5 /* BinarizationFilter.swift */ = {isa = PBXFileReference; lastKnownFileType = sourcecode.swift; path = BinarizationFilter.swift; sourceTree = "<group>"; };
		49210A1B28D767C7001516B5 /* BackgroundSubtractionFilter.swift */ = {isa = PBXFileReference; lastKnownFileType = sourcecode.swift; path = BackgroundSubtractionFilter.swift; sourceTree = "<group>"; };
		49C53BD328D5E5C600C2CD04 /* ImageProcessingForSwift.app */ = {isa = PBXFileReference; explicitFileType = wrapper.application; includeInIndex = 0; path = ImageProcessingForSwift.app; sourceTree = BUILT_PRODUCTS_DIR; };
		49C53BD628D5E5C600C2CD04 /* AppDelegate.swift */ = {isa = PBXFileReference; lastKnownFileType = sourcecode.swift; path = AppDelegate.swift; sourceTree = "<group>"; };
		49C53BD828D5E5C600C2CD04 /* SceneDelegate.swift */ = {isa = PBXFileReference; lastKnownFileType = sourcecode.swift; path = SceneDelegate.swift; sourceTree = "<group>"; };
		49C53BDA28D5E5C600C2CD04 /* ViewController.swift */ = {isa = PBXFileReference; lastKnownFileType = sourcecode.swift; path = ViewController.swift; sourceTree = "<group>"; };
		49C53BDD28D5E5C600C2CD04 /* Base */ = {isa = PBXFileReference; lastKnownFileType = file.storyboard; name = Base; path = Base.lproj/Main.storyboard; sourceTree = "<group>"; };
		49C53BDF28D5E5C700C2CD04 /* Assets.xcassets */ = {isa = PBXFileReference; lastKnownFileType = folder.assetcatalog; path = Assets.xcassets; sourceTree = "<group>"; };
		49C53BE228D5E5C700C2CD04 /* Base */ = {isa = PBXFileReference; lastKnownFileType = file.storyboard; name = Base; path = Base.lproj/LaunchScreen.storyboard; sourceTree = "<group>"; };
		49C53BE428D5E5C700C2CD04 /* Info.plist */ = {isa = PBXFileReference; lastKnownFileType = text.plist.xml; path = Info.plist; sourceTree = "<group>"; };
		49C53BEC28D5E67F00C2CD04 /* BinarizationViewController.swift */ = {isa = PBXFileReference; lastKnownFileType = sourcecode.swift; path = BinarizationViewController.swift; sourceTree = "<group>"; };
		49C53BED28D5E67F00C2CD04 /* BinarizationViewController.xib */ = {isa = PBXFileReference; lastKnownFileType = file.xib; path = BinarizationViewController.xib; sourceTree = "<group>"; };
		49C53BF028D5E6AA00C2CD04 /* PixelBuffer.swift */ = {isa = PBXFileReference; lastKnownFileType = sourcecode.swift; path = PixelBuffer.swift; sourceTree = "<group>"; };
		49C53BF328D5E76900C2CD04 /* GrayscaleConversionViewController.swift */ = {isa = PBXFileReference; lastKnownFileType = sourcecode.swift; path = GrayscaleConversionViewController.swift; sourceTree = "<group>"; };
		49C53BF428D5E76900C2CD04 /* GrayscaleConversionViewController.xib */ = {isa = PBXFileReference; lastKnownFileType = file.xib; path = GrayscaleConversionViewController.xib; sourceTree = "<group>"; };
		49C53BF828D5E7F000C2CD04 /* ChannelSwapViewController.swift */ = {isa = PBXFileReference; lastKnownFileType = sourcecode.swift; path = ChannelSwapViewController.swift; sourceTree = "<group>"; };
		49C53BF928D5E7F000C2CD04 /* ChannelSwapViewController.xib */ = {isa = PBXFileReference; lastKnownFileType = file.xib; path = ChannelSwapViewController.xib; sourceTree = "<group>"; };
		49C53BFD28D5E8D400C2CD04 /* ComparisonConversionView.swift */ = {isa = PBXFileReference; lastKnownFileType = sourcecode.swift; path = ComparisonConversionView.swift; sourceTree = "<group>"; };
		49C53BFF28D5E8E500C2CD04 /* ComparisonConversionView.xib */ = {isa = PBXFileReference; lastKnownFileType = file.xib; path = ComparisonConversionView.xib; sourceTree = "<group>"; };
		49C53C0228D5F6C700C2CD04 /* UIVIewController+Addition.swift */ = {isa = PBXFileReference; lastKnownFileType = sourcecode.swift; path = "UIVIewController+Addition.swift"; sourceTree = "<group>"; };
		49C53C0528D6040600C2CD04 /* BackgroundSubtractionViewController.swift */ = {isa = PBXFileReference; lastKnownFileType = sourcecode.swift; path = BackgroundSubtractionViewController.swift; sourceTree = "<group>"; };
		49C53C0628D6040600C2CD04 /* BackgroundSubtractionViewController.xib */ = {isa = PBXFileReference; lastKnownFileType = file.xib; path = BackgroundSubtractionViewController.xib; sourceTree = "<group>"; };
		49C53CAD28D731BF00C2CD04 /* Kernel.ci.metal */ = {isa = PBXFileReference; lastKnownFileType = sourcecode.metal; path = Kernel.ci.metal; sourceTree = "<group>"; };
/* End PBXFileReference section */

/* Begin PBXFrameworksBuildPhase section */
		49C53BD028D5E5C600C2CD04 /* Frameworks */ = {
			isa = PBXFrameworksBuildPhase;
			buildActionMask = 2147483647;
			files = (
			);
			runOnlyForDeploymentPostprocessing = 0;
		};
/* End PBXFrameworksBuildPhase section */

/* Begin PBXGroup section */
		49C53BCA28D5E5C600C2CD04 = {
			isa = PBXGroup;
			children = (
				49C53BD528D5E5C600C2CD04 /* ImageProcessingForSwift */,
				49C53BD428D5E5C600C2CD04 /* Products */,
			);
			sourceTree = "<group>";
		};
		49C53BD428D5E5C600C2CD04 /* Products */ = {
			isa = PBXGroup;
			children = (
				49C53BD328D5E5C600C2CD04 /* ImageProcessingForSwift.app */,
			);
			name = Products;
			sourceTree = "<group>";
		};
		49C53BD528D5E5C600C2CD04 /* ImageProcessingForSwift */ = {
			isa = PBXGroup;
			children = (
				49C53CB128D7349400C2CD04 /* Metal */,
				49C53C0128D5F6AA00C2CD04 /* Extension */,
				49C53BFC28D5E87900C2CD04 /* CustomView */,
				49C53BD628D5E5C600C2CD04 /* AppDelegate.swift */,
				49C53BD828D5E5C600C2CD04 /* SceneDelegate.swift */,
				49C53BDA28D5E5C600C2CD04 /* ViewController.swift */,
				49C53BDC28D5E5C600C2CD04 /* Main.storyboard */,
				49C53BEA28D5E62000C2CD04 /* ImageProcessingDetail */,
				49C53BDF28D5E5C700C2CD04 /* Assets.xcassets */,
				49C53BE128D5E5C700C2CD04 /* LaunchScreen.storyboard */,
				49C53BE428D5E5C700C2CD04 /* Info.plist */,
			);
			path = ImageProcessingForSwift;
			sourceTree = "<group>";
		};
		49C53BEA28D5E62000C2CD04 /* ImageProcessingDetail */ = {
			isa = PBXGroup;
			children = (
				49C53BF028D5E6AA00C2CD04 /* PixelBuffer.swift */,
				49C53BF728D5E7E300C2CD04 /* ChannelSwap */,
				49C53BF228D5E75A00C2CD04 /* GrayscaleConversion */,
				49C53BEB28D5E64D00C2CD04 /* Binarization */,
				49C53C0428D603E900C2CD04 /* BackgroundSubtraction */,
			);
			path = ImageProcessingDetail;
			sourceTree = "<group>";
		};
		49C53BEB28D5E64D00C2CD04 /* Binarization */ = {
			isa = PBXGroup;
			children = (
				49C53BEC28D5E67F00C2CD04 /* BinarizationViewController.swift */,
				49C53BED28D5E67F00C2CD04 /* BinarizationViewController.xib */,
				49210A1928D75297001516B5 /* BinarizationFilter.swift */,
			);
			path = Binarization;
			sourceTree = "<group>";
		};
		49C53BF228D5E75A00C2CD04 /* GrayscaleConversion */ = {
			isa = PBXGroup;
			children = (
				49C53BF328D5E76900C2CD04 /* GrayscaleConversionViewController.swift */,
				49C53BF428D5E76900C2CD04 /* GrayscaleConversionViewController.xib */,
				49210A1528D73FCF001516B5 /* GrayscaleFilter.swift */,
			);
			path = GrayscaleConversion;
			sourceTree = "<group>";
		};
		49C53BF728D5E7E300C2CD04 /* ChannelSwap */ = {
			isa = PBXGroup;
			children = (
				49C53BF828D5E7F000C2CD04 /* ChannelSwapViewController.swift */,
				49C53BF928D5E7F000C2CD04 /* ChannelSwapViewController.xib */,
				49210A1728D7513D001516B5 /* ChannelSwapFilter.swift */,
			);
			path = ChannelSwap;
			sourceTree = "<group>";
		};
		49C53BFC28D5E87900C2CD04 /* CustomView */ = {
			isa = PBXGroup;
			children = (
				49C53BFD28D5E8D400C2CD04 /* ComparisonConversionView.swift */,
				49C53BFF28D5E8E500C2CD04 /* ComparisonConversionView.xib */,
			);
			path = CustomView;
			sourceTree = "<group>";
		};
		49C53C0128D5F6AA00C2CD04 /* Extension */ = {
			isa = PBXGroup;
			children = (
				49C53C0228D5F6C700C2CD04 /* UIVIewController+Addition.swift */,
			);
			path = Extension;
			sourceTree = "<group>";
		};
		49C53C0428D603E900C2CD04 /* BackgroundSubtraction */ = {
			isa = PBXGroup;
			children = (
				49C53C0528D6040600C2CD04 /* BackgroundSubtractionViewController.swift */,
				49C53C0628D6040600C2CD04 /* BackgroundSubtractionViewController.xib */,
				49210A1B28D767C7001516B5 /* BackgroundSubtractionFilter.swift */,
			);
			path = BackgroundSubtraction;
			sourceTree = "<group>";
		};
		49C53CB128D7349400C2CD04 /* Metal */ = {
			isa = PBXGroup;
			children = (
				49C53CAD28D731BF00C2CD04 /* Kernel.ci.metal */,
			);
			path = Metal;
			sourceTree = "<group>";
		};
/* End PBXGroup section */

/* Begin PBXNativeTarget section */
		49C53BD228D5E5C600C2CD04 /* ImageProcessingForSwift */ = {
			isa = PBXNativeTarget;
			buildConfigurationList = 49C53BE728D5E5C700C2CD04 /* Build configuration list for PBXNativeTarget "ImageProcessingForSwift" */;
			buildPhases = (
				49C53BCF28D5E5C600C2CD04 /* Sources */,
				49C53BD028D5E5C600C2CD04 /* Frameworks */,
				49C53BD128D5E5C600C2CD04 /* Resources */,
			);
			buildRules = (
				49C53CAC28D7311000C2CD04 /* PBXBuildRule */,
				49C53CAB28D7310F00C2CD04 /* PBXBuildRule */,
			);
			dependencies = (
			);
			name = ImageProcessingForSwift;
			productName = ImageProcessingForSwift;
			productReference = 49C53BD328D5E5C600C2CD04 /* ImageProcessingForSwift.app */;
			productType = "com.apple.product-type.application";
		};
/* End PBXNativeTarget section */

/* Begin PBXProject section */
		49C53BCB28D5E5C600C2CD04 /* Project object */ = {
			isa = PBXProject;
			attributes = {
				BuildIndependentTargetsInParallel = 1;
				LastSwiftUpdateCheck = 1340;
				LastUpgradeCheck = 1340;
				TargetAttributes = {
					49C53BD228D5E5C600C2CD04 = {
						CreatedOnToolsVersion = 13.4.1;
					};
				};
			};
			buildConfigurationList = 49C53BCE28D5E5C600C2CD04 /* Build configuration list for PBXProject "ImageProcessingForSwift" */;
			compatibilityVersion = "Xcode 13.0";
			developmentRegion = en;
			hasScannedForEncodings = 0;
			knownRegions = (
				en,
				Base,
			);
			mainGroup = 49C53BCA28D5E5C600C2CD04;
			productRefGroup = 49C53BD428D5E5C600C2CD04 /* Products */;
			projectDirPath = "";
			projectRoot = "";
			targets = (
				49C53BD228D5E5C600C2CD04 /* ImageProcessingForSwift */,
			);
		};
/* End PBXProject section */

/* Begin PBXResourcesBuildPhase section */
		49C53BD128D5E5C600C2CD04 /* Resources */ = {
			isa = PBXResourcesBuildPhase;
			buildActionMask = 2147483647;
			files = (
				49C53BEF28D5E67F00C2CD04 /* BinarizationViewController.xib in Resources */,
				49C53BFB28D5E7F000C2CD04 /* ChannelSwapViewController.xib in Resources */,
				49C53BE328D5E5C700C2CD04 /* LaunchScreen.storyboard in Resources */,
				49C53BF628D5E76900C2CD04 /* GrayscaleConversionViewController.xib in Resources */,
				49C53C0028D5E8E500C2CD04 /* ComparisonConversionView.xib in Resources */,
				49C53C0828D6040600C2CD04 /* BackgroundSubtractionViewController.xib in Resources */,
				49C53BE028D5E5C700C2CD04 /* Assets.xcassets in Resources */,
				49C53BDE28D5E5C600C2CD04 /* Main.storyboard in Resources */,
			);
			runOnlyForDeploymentPostprocessing = 0;
		};
/* End PBXResourcesBuildPhase section */

/* Begin PBXSourcesBuildPhase section */
		49C53BCF28D5E5C600C2CD04 /* Sources */ = {
			isa = PBXSourcesBuildPhase;
			buildActionMask = 2147483647;
			files = (
				49C53BEE28D5E67F00C2CD04 /* BinarizationViewController.swift in Sources */,
				49210A1A28D75297001516B5 /* BinarizationFilter.swift in Sources */,
				49C53BDB28D5E5C600C2CD04 /* ViewController.swift in Sources */,
				49C53BF128D5E6AA00C2CD04 /* PixelBuffer.swift in Sources */,
				49210A1628D73FCF001516B5 /* GrayscaleFilter.swift in Sources */,
				49C53BD728D5E5C600C2CD04 /* AppDelegate.swift in Sources */,
				49C53BF528D5E76900C2CD04 /* GrayscaleConversionViewController.swift in Sources */,
				49C53BFE28D5E8D400C2CD04 /* ComparisonConversionView.swift in Sources */,
				49C53C0328D5F6C700C2CD04 /* UIVIewController+Addition.swift in Sources */,
				49210A1828D7513D001516B5 /* ChannelSwapFilter.swift in Sources */,
				49C53C0728D6040600C2CD04 /* BackgroundSubtractionViewController.swift in Sources */,
				49C53BD928D5E5C600C2CD04 /* SceneDelegate.swift in Sources */,
				49C53CAE28D731BF00C2CD04 /* Kernel.ci.metal in Sources */,
				49C53BFA28D5E7F000C2CD04 /* ChannelSwapViewController.swift in Sources */,
				49210A1C28D767C7001516B5 /* BackgroundSubtractionFilter.swift in Sources */,
			);
			runOnlyForDeploymentPostprocessing = 0;
		};
/* End PBXSourcesBuildPhase section */

/* Begin PBXVariantGroup section */
		49C53BDC28D5E5C600C2CD04 /* Main.storyboard */ = {
			isa = PBXVariantGroup;
			children = (
				49C53BDD28D5E5C600C2CD04 /* Base */,
			);
			name = Main.storyboard;
			sourceTree = "<group>";
		};
		49C53BE128D5E5C700C2CD04 /* LaunchScreen.storyboard */ = {
			isa = PBXVariantGroup;
			children = (
				49C53BE228D5E5C700C2CD04 /* Base */,
			);
			name = LaunchScreen.storyboard;
			sourceTree = "<group>";
		};
/* End PBXVariantGroup section */

/* Begin XCBuildConfiguration section */
		49C53BE528D5E5C700C2CD04 /* Debug */ = {
			isa = XCBuildConfiguration;
			buildSettings = {
				ALWAYS_SEARCH_USER_PATHS = NO;
				CLANG_ANALYZER_NONNULL = YES;
				CLANG_ANALYZER_NUMBER_OBJECT_CONVERSION = YES_AGGRESSIVE;
				CLANG_CXX_LANGUAGE_STANDARD = "gnu++17";
				CLANG_ENABLE_MODULES = YES;
				CLANG_ENABLE_OBJC_ARC = YES;
				CLANG_ENABLE_OBJC_WEAK = YES;
				CLANG_WARN_BLOCK_CAPTURE_AUTORELEASING = YES;
				CLANG_WARN_BOOL_CONVERSION = YES;
				CLANG_WARN_COMMA = YES;
				CLANG_WARN_CONSTANT_CONVERSION = YES;
				CLANG_WARN_DEPRECATED_OBJC_IMPLEMENTATIONS = YES;
				CLANG_WARN_DIRECT_OBJC_ISA_USAGE = YES_ERROR;
				CLANG_WARN_DOCUMENTATION_COMMENTS = YES;
				CLANG_WARN_EMPTY_BODY = YES;
				CLANG_WARN_ENUM_CONVERSION = YES;
				CLANG_WARN_INFINITE_RECURSION = YES;
				CLANG_WARN_INT_CONVERSION = YES;
				CLANG_WARN_NON_LITERAL_NULL_CONVERSION = YES;
				CLANG_WARN_OBJC_IMPLICIT_RETAIN_SELF = YES;
				CLANG_WARN_OBJC_LITERAL_CONVERSION = YES;
				CLANG_WARN_OBJC_ROOT_CLASS = YES_ERROR;
				CLANG_WARN_QUOTED_INCLUDE_IN_FRAMEWORK_HEADER = YES;
				CLANG_WARN_RANGE_LOOP_ANALYSIS = YES;
				CLANG_WARN_STRICT_PROTOTYPES = YES;
				CLANG_WARN_SUSPICIOUS_MOVE = YES;
				CLANG_WARN_UNGUARDED_AVAILABILITY = YES_AGGRESSIVE;
				CLANG_WARN_UNREACHABLE_CODE = YES;
				CLANG_WARN__DUPLICATE_METHOD_MATCH = YES;
				COPY_PHASE_STRIP = NO;
				DEBUG_INFORMATION_FORMAT = dwarf;
				ENABLE_STRICT_OBJC_MSGSEND = YES;
				ENABLE_TESTABILITY = YES;
				GCC_C_LANGUAGE_STANDARD = gnu11;
				GCC_DYNAMIC_NO_PIC = NO;
				GCC_NO_COMMON_BLOCKS = YES;
				GCC_OPTIMIZATION_LEVEL = 0;
				GCC_PREPROCESSOR_DEFINITIONS = (
					"DEBUG=1",
					"$(inherited)",
				);
				GCC_WARN_64_TO_32_BIT_CONVERSION = YES;
				GCC_WARN_ABOUT_RETURN_TYPE = YES_ERROR;
				GCC_WARN_UNDECLARED_SELECTOR = YES;
				GCC_WARN_UNINITIALIZED_AUTOS = YES_AGGRESSIVE;
				GCC_WARN_UNUSED_FUNCTION = YES;
				GCC_WARN_UNUSED_VARIABLE = YES;
				IPHONEOS_DEPLOYMENT_TARGET = 15.5;
				MTL_ENABLE_DEBUG_INFO = INCLUDE_SOURCE;
				MTL_FAST_MATH = YES;
				ONLY_ACTIVE_ARCH = YES;
				SDKROOT = iphoneos;
				SWIFT_ACTIVE_COMPILATION_CONDITIONS = DEBUG;
				SWIFT_OPTIMIZATION_LEVEL = "-Onone";
			};
			name = Debug;
		};
		49C53BE628D5E5C700C2CD04 /* Release */ = {
			isa = XCBuildConfiguration;
			buildSettings = {
				ALWAYS_SEARCH_USER_PATHS = NO;
				CLANG_ANALYZER_NONNULL = YES;
				CLANG_ANALYZER_NUMBER_OBJECT_CONVERSION = YES_AGGRESSIVE;
				CLANG_CXX_LANGUAGE_STANDARD = "gnu++17";
				CLANG_ENABLE_MODULES = YES;
				CLANG_ENABLE_OBJC_ARC = YES;
				CLANG_ENABLE_OBJC_WEAK = YES;
				CLANG_WARN_BLOCK_CAPTURE_AUTORELEASING = YES;
				CLANG_WARN_BOOL_CONVERSION = YES;
				CLANG_WARN_COMMA = YES;
				CLANG_WARN_CONSTANT_CONVERSION = YES;
				CLANG_WARN_DEPRECATED_OBJC_IMPLEMENTATIONS = YES;
				CLANG_WARN_DIRECT_OBJC_ISA_USAGE = YES_ERROR;
				CLANG_WARN_DOCUMENTATION_COMMENTS = YES;
				CLANG_WARN_EMPTY_BODY = YES;
				CLANG_WARN_ENUM_CONVERSION = YES;
				CLANG_WARN_INFINITE_RECURSION = YES;
				CLANG_WARN_INT_CONVERSION = YES;
				CLANG_WARN_NON_LITERAL_NULL_CONVERSION = YES;
				CLANG_WARN_OBJC_IMPLICIT_RETAIN_SELF = YES;
				CLANG_WARN_OBJC_LITERAL_CONVERSION = YES;
				CLANG_WARN_OBJC_ROOT_CLASS = YES_ERROR;
				CLANG_WARN_QUOTED_INCLUDE_IN_FRAMEWORK_HEADER = YES;
				CLANG_WARN_RANGE_LOOP_ANALYSIS = YES;
				CLANG_WARN_STRICT_PROTOTYPES = YES;
				CLANG_WARN_SUSPICIOUS_MOVE = YES;
				CLANG_WARN_UNGUARDED_AVAILABILITY = YES_AGGRESSIVE;
				CLANG_WARN_UNREACHABLE_CODE = YES;
				CLANG_WARN__DUPLICATE_METHOD_MATCH = YES;
				COPY_PHASE_STRIP = NO;
				DEBUG_INFORMATION_FORMAT = "dwarf-with-dsym";
				ENABLE_NS_ASSERTIONS = NO;
				ENABLE_STRICT_OBJC_MSGSEND = YES;
				GCC_C_LANGUAGE_STANDARD = gnu11;
				GCC_NO_COMMON_BLOCKS = YES;
				GCC_WARN_64_TO_32_BIT_CONVERSION = YES;
				GCC_WARN_ABOUT_RETURN_TYPE = YES_ERROR;
				GCC_WARN_UNDECLARED_SELECTOR = YES;
				GCC_WARN_UNINITIALIZED_AUTOS = YES_AGGRESSIVE;
				GCC_WARN_UNUSED_FUNCTION = YES;
				GCC_WARN_UNUSED_VARIABLE = YES;
				IPHONEOS_DEPLOYMENT_TARGET = 15.5;
				MTL_ENABLE_DEBUG_INFO = NO;
				MTL_FAST_MATH = YES;
				SDKROOT = iphoneos;
				SWIFT_COMPILATION_MODE = wholemodule;
				SWIFT_OPTIMIZATION_LEVEL = "-O";
				VALIDATE_PRODUCT = YES;
			};
			name = Release;
		};
		49C53BE828D5E5C700C2CD04 /* Debug */ = {
			isa = XCBuildConfiguration;
			buildSettings = {
				ASSETCATALOG_COMPILER_APPICON_NAME = AppIcon;
				ASSETCATALOG_COMPILER_GLOBAL_ACCENT_COLOR_NAME = AccentColor;
				CODE_SIGN_STYLE = Automatic;
				CURRENT_PROJECT_VERSION = 1;
				DEVELOPMENT_TEAM = 24BSY9Z4H5;
				GENERATE_INFOPLIST_FILE = YES;
				INFOPLIST_FILE = ImageProcessingForSwift/Info.plist;
				INFOPLIST_KEY_UIApplicationSupportsIndirectInputEvents = YES;
				INFOPLIST_KEY_UILaunchStoryboardName = LaunchScreen;
				INFOPLIST_KEY_UIMainStoryboardFile = Main;
				INFOPLIST_KEY_UISupportedInterfaceOrientations_iPad = "UIInterfaceOrientationPortrait UIInterfaceOrientationPortraitUpsideDown UIInterfaceOrientationLandscapeLeft UIInterfaceOrientationLandscapeRight";
				INFOPLIST_KEY_UISupportedInterfaceOrientations_iPhone = "UIInterfaceOrientationPortrait UIInterfaceOrientationLandscapeLeft UIInterfaceOrientationLandscapeRight";
				LD_RUNPATH_SEARCH_PATHS = (
					"$(inherited)",
					"@executable_path/Frameworks",
				);
				MARKETING_VERSION = 1.0;
				PRODUCT_BUNDLE_IDENTIFIER = harumidiv.ImageProcessingForSwift;
				PRODUCT_NAME = "$(TARGET_NAME)";
				SWIFT_EMIT_LOC_STRINGS = YES;
				SWIFT_VERSION = 5.0;
				TARGETED_DEVICE_FAMILY = "1,2";
			};
			name = Debug;
		};
		49C53BE928D5E5C700C2CD04 /* Release */ = {
			isa = XCBuildConfiguration;
			buildSettings = {
				ASSETCATALOG_COMPILER_APPICON_NAME = AppIcon;
				ASSETCATALOG_COMPILER_GLOBAL_ACCENT_COLOR_NAME = AccentColor;
				CODE_SIGN_STYLE = Automatic;
				CURRENT_PROJECT_VERSION = 1;
				DEVELOPMENT_TEAM = 24BSY9Z4H5;
				GENERATE_INFOPLIST_FILE = YES;
				INFOPLIST_FILE = ImageProcessingForSwift/Info.plist;
				INFOPLIST_KEY_UIApplicationSupportsIndirectInputEvents = YES;
				INFOPLIST_KEY_UILaunchStoryboardName = LaunchScreen;
				INFOPLIST_KEY_UIMainStoryboardFile = Main;
				INFOPLIST_KEY_UISupportedInterfaceOrientations_iPad = "UIInterfaceOrientationPortrait UIInterfaceOrientationPortraitUpsideDown UIInterfaceOrientationLandscapeLeft UIInterfaceOrientationLandscapeRight";
				INFOPLIST_KEY_UISupportedInterfaceOrientations_iPhone = "UIInterfaceOrientationPortrait UIInterfaceOrientationLandscapeLeft UIInterfaceOrientationLandscapeRight";
				LD_RUNPATH_SEARCH_PATHS = (
					"$(inherited)",
					"@executable_path/Frameworks",
				);
				MARKETING_VERSION = 1.0;
				PRODUCT_BUNDLE_IDENTIFIER = harumidiv.ImageProcessingForSwift;
				PRODUCT_NAME = "$(TARGET_NAME)";
				SWIFT_EMIT_LOC_STRINGS = YES;
				SWIFT_VERSION = 5.0;
				TARGETED_DEVICE_FAMILY = "1,2";
			};
			name = Release;
		};
/* End XCBuildConfiguration section */

/* Begin XCConfigurationList section */
		49C53BCE28D5E5C600C2CD04 /* Build configuration list for PBXProject "ImageProcessingForSwift" */ = {
			isa = XCConfigurationList;
			buildConfigurations = (
				49C53BE528D5E5C700C2CD04 /* Debug */,
				49C53BE628D5E5C700C2CD04 /* Release */,
			);
			defaultConfigurationIsVisible = 0;
			defaultConfigurationName = Release;
		};
		49C53BE728D5E5C700C2CD04 /* Build configuration list for PBXNativeTarget "ImageProcessingForSwift" */ = {
			isa = XCConfigurationList;
			buildConfigurations = (
				49C53BE828D5E5C700C2CD04 /* Debug */,
				49C53BE928D5E5C700C2CD04 /* Release */,
			);
			defaultConfigurationIsVisible = 0;
			defaultConfigurationName = Release;
		};
/* End XCConfigurationList section */
	};
	rootObject = 49C53BCB28D5E5C600C2CD04 /* Project object */;
}
